{
  "name": "credible",
  "version": "0.0.1-alpha",
  "lockfileVersion": 2,
  "requires": true,
  "packages": {
    "": {
      "version": "0.0.1-alpha",
      "license": "GPL-3.0",
      "dependencies": {
        "@mstefan99/argumented": "^1.0.1"
      }
    },
    "node_modules/@mstefan99/argumented": {
      "version": "1.0.1",
      "resolved": "http://verdaccio.local/@mstefan99%2fargumented/-/argumented-1.0.1.tgz",
      "integrity": "sha512-9e74AMlfSuOKMCPMGdJ+eWTDbMTbjeyoOVE6lSAxa5lQXoVeNmOj4Olr638RvaVHbhYWJoKeXOzu3E86VRUEyw==",
      "license": "MIT"
    }
  },
  "dependencies": {
    "@mstefan99/argumented": {
      "version": "1.0.1",
      "resolved": "http://verdaccio.local/@mstefan99%2fargumented/-/argumented-1.0.1.tgz",
      "integrity": "sha512-9e74AMlfSuOKMCPMGdJ+eWTDbMTbjeyoOVE6lSAxa5lQXoVeNmOj4Olr638RvaVHbhYWJoKeXOzu3E86VRUEyw=="
    }
  }
}
