{
	"name": "@mstefan99/credible",
	"version": "0.0.1",
	"lockfileVersion": 2,
	"requires": true,
	"packages": {
		"": {
			"name": "@mstefan99/credible",
			"version": "0.0.1",
			"license": "GPL-3.0",
			"dependencies": {
				"@mstefan99/argumented": "^1.0.2"
			},
			"bin": {
				"credible": "index.js"
			}
		},
		"node_modules/@mstefan99/argumented": {
			"version": "1.0.2",
			"resolved": "http://verdaccio.local/@mstefan99%2fargumented/-/argumented-1.0.2.tgz",
			"integrity": "sha512-OH7W3HANbX0TenBFhWEjTBxcgALFRv5Enr8XvP3MelZTOY0K40h1Ev1hcfGBkPn4mQysXozMI1r6Ef3w4lsqmA==",
			"license": "MIT"
		}
	},
	"dependencies": {
		"@mstefan99/argumented": {
			"version": "1.0.2",
			"resolved": "http://verdaccio.local/@mstefan99%2fargumented/-/argumented-1.0.2.tgz",
			"integrity": "sha512-OH7W3HANbX0TenBFhWEjTBxcgALFRv5Enr8XvP3MelZTOY0K40h1Ev1hcfGBkPn4mQysXozMI1r6Ef3w4lsqmA=="
		}
	}
}
